
Microsoft Visual Studio Solution File, Format Version 12.00
# Visual Studio Version 17
VisualStudioVersion = 17.5.33516.290
MinimumVisualStudioVersion = 10.0.40219.1
Project("{FAE04EC0-301F-11D3-BF4B-00C04F79EFBC}") = "WindowsFormsApp1.0", "WindowsFormsApp1.0\WindowsFormsApp1.0.csproj", "{15111C73-5145-4A7A-A784-13BAED4CFD95}"
EndProject
Global
	GlobalSection(SolutionConfigurationPlatforms) = preSolution
		Debug|Any CPU = Debug|Any CPU
		Release|Any CPU = Release|Any CPU
	EndGlobalSection
	GlobalSection(ProjectConfigurationPlatforms) = postSolution
		{15111C73-5145-4A7A-A784-13BAED4CFD95}.Debug|Any CPU.ActiveCfg = Debug|Any CPU
		{15111C73-5145-4A7A-A784-13BAED4CFD95}.Debug|Any CPU.Build.0 = Debug|Any CPU
		{15111C73-5145-4A7A-A784-13BAED4CFD95}.Release|Any CPU.ActiveCfg = Release|Any CPU
		{15111C73-5145-4A7A-A784-13BAED4CFD95}.Release|Any CPU.Build.0 = Release|Any CPU
	EndGlobalSection
	GlobalSection(SolutionProperties) = preSolution
		HideSolutionNode = FALSE
	EndGlobalSection
	GlobalSection(ExtensibilityGlobals) = postSolution
		SolutionGuid = {E4AD884B-2F6A-40FA-BD83-3A0346D6D512}
	EndGlobalSection
EndGlobal
